
Microsoft Visual Studio Solution File, Format Version 12.00
# Visual Studio Version 17
VisualStudioVersion = 17.13.35931.197
MinimumVisualStudioVersion = 10.0.40219.1
Project("{FAE04EC0-301F-11D3-BF4B-00C04F79EFBC}") = "API", "API\API.csproj", "{1C048095-7D54-458C-9F85-9D9797F48FD4}"
EndProject
Project("{FAE04EC0-301F-11D3-BF4B-00C04F79EFBC}") = "Core", "Core\Core.csproj", "{B4DF361F-DA9B-4991-B177-415493F6F3FD}"
EndProject
Project("{FAE04EC0-301F-11D3-BF4B-00C04F79EFBC}") = "Infrastructure", "Infrastructure\Infrastructure.csproj", "{A059B4FD-3E77-4A7E-88D6-8B55C51BA218}"
EndProject
Global
	GlobalSection(SolutionConfigurationPlatforms) = preSolution
		Debug|Any CPU = Debug|Any CPU
		Release|Any CPU = Release|Any CPU
	EndGlobalSection
	GlobalSection(ProjectConfigurationPlatforms) = postSolution
		{1C048095-7D54-458C-9F85-9D9797F48FD4}.Debug|Any CPU.ActiveCfg = Debug|Any CPU
		{1C048095-7D54-458C-9F85-9D9797F48FD4}.Debug|Any CPU.Build.0 = Debug|Any CPU
		{1C048095-7D54-458C-9F85-9D9797F48FD4}.Release|Any CPU.ActiveCfg = Release|Any CPU
		{1C048095-7D54-458C-9F85-9D9797F48FD4}.Release|Any CPU.Build.0 = Release|Any CPU
		{B4DF361F-DA9B-4991-B177-415493F6F3FD}.Debug|Any CPU.ActiveCfg = Debug|Any CPU
		{B4DF361F-DA9B-4991-B177-415493F6F3FD}.Debug|Any CPU.Build.0 = Debug|Any CPU
		{B4DF361F-DA9B-4991-B177-415493F6F3FD}.Release|Any CPU.ActiveCfg = Release|Any CPU
		{B4DF361F-DA9B-4991-B177-415493F6F3FD}.Release|Any CPU.Build.0 = Release|Any CPU
		{A059B4FD-3E77-4A7E-88D6-8B55C51BA218}.Debug|Any CPU.ActiveCfg = Debug|Any CPU
		{A059B4FD-3E77-4A7E-88D6-8B55C51BA218}.Debug|Any CPU.Build.0 = Debug|Any CPU
		{A059B4FD-3E77-4A7E-88D6-8B55C51BA218}.Release|Any CPU.ActiveCfg = Release|Any CPU
		{A059B4FD-3E77-4A7E-88D6-8B55C51BA218}.Release|Any CPU.Build.0 = Release|Any CPU
	EndGlobalSection
	GlobalSection(SolutionProperties) = preSolution
		HideSolutionNode = FALSE
	EndGlobalSection
	GlobalSection(ExtensibilityGlobals) = postSolution
		SolutionGuid = {41CC9237-7483-4F33-973F-3CD169F5FFF4}
	EndGlobalSection
EndGlobal
